{
  "name": "positive",
  "lockfileVersion": 2,
  "requires": true,
  "packages": {
    "": {
      "name": "positive",
      "dependencies": {
        "is-number": "^7.0.0"
      }
    },
    "node_modules/is-number": {
      "version": "7.0.0",
      "license": "MIT",
      "engines": {
        "node": ">=0.12.0"
      }
    },
    "node_modules/x/is-number": {
      "version": "7.0.1",
      "license": "MIT",
      "engines": {
        "node": ">=0.12.0"
      }
    }
  },
  "dependencies": {
    "is-number": {
      "version": "7.0.0"
    }
  }
}
