{
  "name": "negative",
  "version": "1.0.0",
  "lockfileVersion": 2,
  "requires": true,
  "packages": {
    "": {
      "name": "negative",
      "version": "1.0.0",
      "dependencies": {
        "is-number": "^7.0.0"
      }
    },
    "node_modules/is-number": {
      "version": "7.0.0"
    }
  },
  "dependencies": {
    "is-number": {
      "version": "7.0.0"
    }
  }
}
